// !$*UTF8*$!
{
	archiveVersion = 1;
	classes = {
	};
	objectVersion = 46;
	objects = {

/* Begin PBXBuildFile section */
		4B44B7BB1D20B58D00FDE3C2 /* IMG_1884.JPG in Resources */ = {isa = PBXBuildFile; fileRef = 4B44B7BA1D20B58D00FDE3C2 /* IMG_1884.JPG */; };
		4B54CE441D1D31E100AE3972 /* AppDelegate.swift in Sources */ = {isa = PBXBuildFile; fileRef = 4B54CE431D1D31E100AE3972 /* AppDelegate.swift */; };
		4B54CE461D1D31E100AE3972 /* ViewController.swift in Sources */ = {isa = PBXBuildFile; fileRef = 4B54CE451D1D31E100AE3972 /* ViewController.swift */; };
		4B54CE491D1D31E100AE3972 /* Main.storyboard in Resources */ = {isa = PBXBuildFile; fileRef = 4B54CE471D1D31E100AE3972 /* Main.storyboard */; };
		4B54CE4B1D1D31E100AE3972 /* Assets.xcassets in Resources */ = {isa = PBXBuildFile; fileRef = 4B54CE4A1D1D31E100AE3972 /* Assets.xcassets */; };
		4B54CE4E1D1D31E100AE3972 /* LaunchScreen.storyboard in Resources */ = {isa = PBXBuildFile; fileRef = 4B54CE4C1D1D31E100AE3972 /* LaunchScreen.storyboard */; };
		4B54CE591D1D31E100AE3972 /* QRcodeDemoTests.swift in Sources */ = {isa = PBXBuildFile; fileRef = 4B54CE581D1D31E100AE3972 /* QRcodeDemoTests.swift */; };
		4B54CE641D1D31E100AE3972 /* QRcodeDemoUITests.swift in Sources */ = {isa = PBXBuildFile; fileRef = 4B54CE631D1D31E100AE3972 /* QRcodeDemoUITests.swift */; };
		4B54CE721D1D320300AE3972 /* AVFoundation.framework in Frameworks */ = {isa = PBXBuildFile; fileRef = 4B54CE711D1D320300AE3972 /* AVFoundation.framework */; };
/* End PBXBuildFile section */

/* Begin PBXContainerItemProxy section */
		4B54CE551D1D31E100AE3972 /* PBXContainerItemProxy */ = {
			isa = PBXContainerItemProxy;
			containerPortal = 4B54CE381D1D31E100AE3972 /* Project object */;
			proxyType = 1;
			remoteGlobalIDString = 4B54CE3F1D1D31E100AE3972;
			remoteInfo = QRcodeDemo;
		};
		4B54CE601D1D31E100AE3972 /* PBXContainerItemProxy */ = {
			isa = PBXContainerItemProxy;
			containerPortal = 4B54CE381D1D31E100AE3972 /* Project object */;
			proxyType = 1;
			remoteGlobalIDString = 4B54CE3F1D1D31E100AE3972;
			remoteInfo = QRcodeDemo;
		};
/* End PBXContainerItemProxy section */

/* Begin PBXFileReference section */
		4B44B7BA1D20B58D00FDE3C2 /* IMG_1884.JPG */ = {isa = PBXFileReference; lastKnownFileType = image.jpeg; name = IMG_1884.JPG; path = ../../../../Downloads/IMG_1884.JPG; sourceTree = "<group>"; };
		4B54CE401D1D31E100AE3972 /* QRcodeDemo.app */ = {isa = PBXFileReference; explicitFileType = wrapper.application; includeInIndex = 0; path = QRcodeDemo.app; sourceTree = BUILT_PRODUCTS_DIR; };
		4B54CE431D1D31E100AE3972 /* AppDelegate.swift */ = {isa = PBXFileReference; lastKnownFileType = sourcecode.swift; path = AppDelegate.swift; sourceTree = "<group>"; };
		4B54CE451D1D31E100AE3972 /* ViewController.swift */ = {isa = PBXFileReference; lastKnownFileType = sourcecode.swift; path = ViewController.swift; sourceTree = "<group>"; };
		4B54CE481D1D31E100AE3972 /* Base */ = {isa = PBXFileReference; lastKnownFileType = file.storyboard; name = Base; path = Base.lproj/Main.storyboard; sourceTree = "<group>"; };
		4B54CE4A1D1D31E100AE3972 /* Assets.xcassets */ = {isa = PBXFileReference; lastKnownFileType = folder.assetcatalog; path = Assets.xcassets; sourceTree = "<group>"; };
		4B54CE4D1D1D31E100AE3972 /* Base */ = {isa = PBXFileReference; lastKnownFileType = file.storyboard; name = Base; path = Base.lproj/LaunchScreen.storyboard; sourceTree = "<group>"; };
		4B54CE4F1D1D31E100AE3972 /* Info.plist */ = {isa = PBXFileReference; lastKnownFileType = text.plist.xml; path = Info.plist; sourceTree = "<group>"; };
		4B54CE541D1D31E100AE3972 /* QRcodeDemoTests.xctest */ = {isa = PBXFileReference; explicitFileType = wrapper.cfbundle; includeInIndex = 0; path = QRcodeDemoTests.xctest; sourceTree = BUILT_PRODUCTS_DIR; };
		4B54CE581D1D31E100AE3972 /* QRcodeDemoTests.swift */ = {isa = PBXFileReference; lastKnownFileType = sourcecode.swift; path = QRcodeDemoTests.swift; sourceTree = "<group>"; };
		4B54CE5A1D1D31E100AE3972 /* Info.plist */ = {isa = PBXFileReference; lastKnownFileType = text.plist.xml; path = Info.plist; sourceTree = "<group>"; };
		4B54CE5F1D1D31E100AE3972 /* QRcodeDemoUITests.xctest */ = {isa = PBXFileReference; explicitFileType = wrapper.cfbundle; includeInIndex = 0; path = QRcodeDemoUITests.xctest; sourceTree = BUILT_PRODUCTS_DIR; };
		4B54CE631D1D31E100AE3972 /* QRcodeDemoUITests.swift */ = {isa = PBXFileReference; lastKnownFileType = sourcecode.swift; path = QRcodeDemoUITests.swift; sourceTree = "<group>"; };
		4B54CE651D1D31E100AE3972 /* Info.plist */ = {isa = PBXFileReference; lastKnownFileType = text.plist.xml; path = Info.plist; sourceTree = "<group>"; };
		4B54CE711D1D320300AE3972 /* AVFoundation.framework */ = {isa = PBXFileReference; lastKnownFileType = wrapper.framework; name = AVFoundation.framework; path = System/Library/Frameworks/AVFoundation.framework; sourceTree = SDKROOT; };
/* End PBXFileReference section */

/* Begin PBXFrameworksBuildPhase section */
		4B54CE3D1D1D31E100AE3972 /* Frameworks */ = {
			isa = PBXFrameworksBuildPhase;
			buildActionMask = 2147483647;
			files = (
				4B54CE721D1D320300AE3972 /* AVFoundation.framework in Frameworks */,
			);
			runOnlyForDeploymentPostprocessing = 0;
		};
		4B54CE511D1D31E100AE3972 /* Frameworks */ = {
			isa = PBXFrameworksBuildPhase;
			buildActionMask = 2147483647;
			files = (
			);
			runOnlyForDeploymentPostprocessing = 0;
		};
		4B54CE5C1D1D31E100AE3972 /* Frameworks */ = {
			isa = PBXFrameworksBuildPhase;
			buildActionMask = 2147483647;
			files = (
			);
			runOnlyForDeploymentPostprocessing = 0;
		};
/* End PBXFrameworksBuildPhase section */

/* Begin PBXGroup section */
		4B54CE371D1D31E100AE3972 = {
			isa = PBXGroup;
			children = (
				4B54CE711D1D320300AE3972 /* AVFoundation.framework */,
				4B54CE421D1D31E100AE3972 /* QRcodeDemo */,
				4B54CE571D1D31E100AE3972 /* QRcodeDemoTests */,
				4B54CE621D1D31E100AE3972 /* QRcodeDemoUITests */,
				4B54CE411D1D31E100AE3972 /* Products */,
			);
			sourceTree = "<group>";
		};
		4B54CE411D1D31E100AE3972 /* Products */ = {
			isa = PBXGroup;
			children = (
				4B54CE401D1D31E100AE3972 /* QRcodeDemo.app */,
				4B54CE541D1D31E100AE3972 /* QRcodeDemoTests.xctest */,
				4B54CE5F1D1D31E100AE3972 /* QRcodeDemoUITests.xctest */,
			);
			name = Products;
			sourceTree = "<group>";
		};
		4B54CE421D1D31E100AE3972 /* QRcodeDemo */ = {
			isa = PBXGroup;
			children = (
				4B44B7BA1D20B58D00FDE3C2 /* IMG_1884.JPG */,
				4B54CE431D1D31E100AE3972 /* AppDelegate.swift */,
				4B54CE451D1D31E100AE3972 /* ViewController.swift */,
				4B54CE471D1D31E100AE3972 /* Main.storyboard */,
				4B54CE4A1D1D31E100AE3972 /* Assets.xcassets */,
				4B54CE4C1D1D31E100AE3972 /* LaunchScreen.storyboard */,
				4B54CE4F1D1D31E100AE3972 /* Info.plist */,
			);
			path = QRcodeDemo;
			sourceTree = "<group>";
		};
		4B54CE571D1D31E100AE3972 /* QRcodeDemoTests */ = {
			isa = PBXGroup;
			children = (
				4B54CE581D1D31E100AE3972 /* QRcodeDemoTests.swift */,
				4B54CE5A1D1D31E100AE3972 /* Info.plist */,
			);
			path = QRcodeDemoTests;
			sourceTree = "<group>";
		};
		4B54CE621D1D31E100AE3972 /* QRcodeDemoUITests */ = {
			isa = PBXGroup;
			children = (
				4B54CE631D1D31E100AE3972 /* QRcodeDemoUITests.swift */,
				4B54CE651D1D31E100AE3972 /* Info.plist */,
			);
			path = QRcodeDemoUITests;
			sourceTree = "<group>";
		};
/* End PBXGroup section */

/* Begin PBXNativeTarget section */
		4B54CE3F1D1D31E100AE3972 /* QRcodeDemo */ = {
			isa = PBXNativeTarget;
			buildConfigurationList = 4B54CE681D1D31E100AE3972 /* Build configuration list for PBXNativeTarget "QRcodeDemo" */;
			buildPhases = (
				4B54CE3C1D1D31E100AE3972 /* Sources */,
				4B54CE3D1D1D31E100AE3972 /* Frameworks */,
				4B54CE3E1D1D31E100AE3972 /* Resources */,
			);
			buildRules = (
			);
			dependencies = (
			);
			name = QRcodeDemo;
			productName = QRcodeDemo;
			productReference = 4B54CE401D1D31E100AE3972 /* QRcodeDemo.app */;
			productType = "com.apple.product-type.application";
		};
		4B54CE531D1D31E100AE3972 /* QRcodeDemoTests */ = {
			isa = PBXNativeTarget;
			buildConfigurationList = 4B54CE6B1D1D31E100AE3972 /* Build configuration list for PBXNativeTarget "QRcodeDemoTests" */;
			buildPhases = (
				4B54CE501D1D31E100AE3972 /* Sources */,
				4B54CE511D1D31E100AE3972 /* Frameworks */,
				4B54CE521D1D31E100AE3972 /* Resources */,
			);
			buildRules = (
			);
			dependencies = (
				4B54CE561D1D31E100AE3972 /* PBXTargetDependency */,
			);
			name = QRcodeDemoTests;
			productName = QRcodeDemoTests;
			productReference = 4B54CE541D1D31E100AE3972 /* QRcodeDemoTests.xctest */;
			productType = "com.apple.product-type.bundle.unit-test";
		};
		4B54CE5E1D1D31E100AE3972 /* QRcodeDemoUITests */ = {
			isa = PBXNativeTarget;
			buildConfigurationList = 4B54CE6E1D1D31E100AE3972 /* Build configuration list for PBXNativeTarget "QRcodeDemoUITests" */;
			buildPhases = (
				4B54CE5B1D1D31E100AE3972 /* Sources */,
				4B54CE5C1D1D31E100AE3972 /* Frameworks */,
				4B54CE5D1D1D31E100AE3972 /* Resources */,
			);
			buildRules = (
			);
			dependencies = (
				4B54CE611D1D31E100AE3972 /* PBXTargetDependency */,
			);
			name = QRcodeDemoUITests;
			productName = QRcodeDemoUITests;
			productReference = 4B54CE5F1D1D31E100AE3972 /* QRcodeDemoUITests.xctest */;
			productType = "com.apple.product-type.bundle.ui-testing";
		};
/* End PBXNativeTarget section */

/* Begin PBXProject section */
		4B54CE381D1D31E100AE3972 /* Project object */ = {
			isa = PBXProject;
			attributes = {
				LastSwiftUpdateCheck = 0730;
				LastUpgradeCheck = 0730;
				ORGANIZATIONNAME = sherry;
				TargetAttributes = {
					4B54CE3F1D1D31E100AE3972 = {
						CreatedOnToolsVersion = 7.3;
					};
					4B54CE531D1D31E100AE3972 = {
						CreatedOnToolsVersion = 7.3;
						TestTargetID = 4B54CE3F1D1D31E100AE3972;
					};
					4B54CE5E1D1D31E100AE3972 = {
						CreatedOnToolsVersion = 7.3;
						TestTargetID = 4B54CE3F1D1D31E100AE3972;
					};
				};
			};
			buildConfigurationList = 4B54CE3B1D1D31E100AE3972 /* Build configuration list for PBXProject "QRcodeDemo" */;
			compatibilityVersion = "Xcode 3.2";
			developmentRegion = English;
			hasScannedForEncodings = 0;
			knownRegions = (
				en,
				Base,
			);
			mainGroup = 4B54CE371D1D31E100AE3972;
			productRefGroup = 4B54CE411D1D31E100AE3972 /* Products */;
			projectDirPath = "";
			projectRoot = "";
			targets = (
				4B54CE3F1D1D31E100AE3972 /* QRcodeDemo */,
				4B54CE531D1D31E100AE3972 /* QRcodeDemoTests */,
				4B54CE5E1D1D31E100AE3972 /* QRcodeDemoUITests */,
			);
		};
/* End PBXProject section */

/* Begin PBXResourcesBuildPhase section */
		4B54CE3E1D1D31E100AE3972 /* Resources */ = {
			isa = PBXResourcesBuildPhase;
			buildActionMask = 2147483647;
			files = (
				4B44B7BB1D20B58D00FDE3C2 /* IMG_1884.JPG in Resources */,
				4B54CE4E1D1D31E100AE3972 /* LaunchScreen.storyboard in Resources */,
				4B54CE4B1D1D31E100AE3972 /* Assets.xcassets in Resources */,
				4B54CE491D1D31E100AE3972 /* Main.storyboard in Resources */,
			);
			runOnlyForDeploymentPostprocessing = 0;
		};
		4B54CE521D1D31E100AE3972 /* Resources */ = {
			isa = PBXResourcesBuildPhase;
			buildActionMask = 2147483647;
			files = (
			);
			runOnlyForDeploymentPostprocessing = 0;
		};
		4B54CE5D1D1D31E100AE3972 /* Resources */ = {
			isa = PBXResourcesBuildPhase;
			buildActionMask = 2147483647;
			files = (
			);
			runOnlyForDeploymentPostprocessing = 0;
		};
/* End PBXResourcesBuildPhase section */

/* Begin PBXSourcesBuildPhase section */
		4B54CE3C1D1D31E100AE3972 /* Sources */ = {
			isa = PBXSourcesBuildPhase;
			buildActionMask = 2147483647;
			files = (
				4B54CE461D1D31E100AE3972 /* ViewController.swift in Sources */,
				4B54CE441D1D31E100AE3972 /* AppDelegate.swift in Sources */,
			);
			runOnlyForDeploymentPostprocessing = 0;
		};
		4B54CE501D1D31E100AE3972 /* Sources */ = {
			isa = PBXSourcesBuildPhase;
			buildActionMask = 2147483647;
			files = (
				4B54CE591D1D31E100AE3972 /* QRcodeDemoTests.swift in Sources */,
			);
			runOnlyForDeploymentPostprocessing = 0;
		};
		4B54CE5B1D1D31E100AE3972 /* Sources */ = {
			isa = PBXSourcesBuildPhase;
			buildActionMask = 2147483647;
			files = (
				4B54CE641D1D31E100AE3972 /* QRcodeDemoUITests.swift in Sources */,
			);
			runOnlyForDeploymentPostprocessing = 0;
		};
/* End PBXSourcesBuildPhase section */

/* Begin PBXTargetDependency section */
		4B54CE561D1D31E100AE3972 /* PBXTargetDependency */ = {
			isa = PBXTargetDependency;
			target = 4B54CE3F1D1D31E100AE3972 /* QRcodeDemo */;
			targetProxy = 4B54CE551D1D31E100AE3972 /* PBXContainerItemProxy */;
		};
		4B54CE611D1D31E100AE3972 /* PBXTargetDependency */ = {
			isa = PBXTargetDependency;
			target = 4B54CE3F1D1D31E100AE3972 /* QRcodeDemo */;
			targetProxy = 4B54CE601D1D31E100AE3972 /* PBXContainerItemProxy */;
		};
/* End PBXTargetDependency section */

/* Begin PBXVariantGroup section */
		4B54CE471D1D31E100AE3972 /* Main.storyboard */ = {
			isa = PBXVariantGroup;
			children = (
				4B54CE481D1D31E100AE3972 /* Base */,
			);
			name = Main.storyboard;
			sourceTree = "<group>";
		};
		4B54CE4C1D1D31E100AE3972 /* LaunchScreen.storyboard */ = {
			isa = PBXVariantGroup;
			children = (
				4B54CE4D1D1D31E100AE3972 /* Base */,
			);
			name = LaunchScreen.storyboard;
			sourceTree = "<group>";
		};
/* End PBXVariantGroup section */

/* Begin XCBuildConfiguration section */
		4B54CE661D1D31E100AE3972 /* Debug */ = {
			isa = XCBuildConfiguration;
			buildSettings = {
				ALWAYS_SEARCH_USER_PATHS = NO;
				CLANG_ANALYZER_NONNULL = YES;
				CLANG_CXX_LANGUAGE_STANDARD = "gnu++0x";
				CLANG_CXX_LIBRARY = "libc++";
				CLANG_ENABLE_MODULES = YES;
				CLANG_ENABLE_OBJC_ARC = YES;
				CLANG_WARN_BOOL_CONVERSION = YES;
				CLANG_WARN_CONSTANT_CONVERSION = YES;
				CLANG_WARN_DIRECT_OBJC_ISA_USAGE = YES_ERROR;
				CLANG_WARN_EMPTY_BODY = YES;
				CLANG_WARN_ENUM_CONVERSION = YES;
				CLANG_WARN_INT_CONVERSION = YES;
				CLANG_WARN_OBJC_ROOT_CLASS = YES_ERROR;
				CLANG_WARN_UNREACHABLE_CODE = YES;
				CLANG_WARN__DUPLICATE_METHOD_MATCH = YES;
				"CODE_SIGN_IDENTITY[sdk=iphoneos*]" = "iPhone Developer";
				COPY_PHASE_STRIP = NO;
				DEBUG_INFORMATION_FORMAT = dwarf;
				ENABLE_STRICT_OBJC_MSGSEND = YES;
				ENABLE_TESTABILITY = YES;
				GCC_C_LANGUAGE_STANDARD = gnu99;
				GCC_DYNAMIC_NO_PIC = NO;
				GCC_NO_COMMON_BLOCKS = YES;
				GCC_OPTIMIZATION_LEVEL = 0;
				GCC_PREPROCESSOR_DEFINITIONS = (
					"DEBUG=1",
					"$(inherited)",
				);
				GCC_WARN_64_TO_32_BIT_CONVERSION = YES;
				GCC_WARN_ABOUT_RETURN_TYPE = YES_ERROR;
				GCC_WARN_UNDECLARED_SELECTOR = YES;
				GCC_WARN_UNINITIALIZED_AUTOS = YES_AGGRESSIVE;
				GCC_WARN_UNUSED_FUNCTION = YES;
				GCC_WARN_UNUSED_VARIABLE = YES;
				IPHONEOS_DEPLOYMENT_TARGET = 9.3;
				MTL_ENABLE_DEBUG_INFO = YES;
				ONLY_ACTIVE_ARCH = YES;
				SDKROOT = iphoneos;
				SWIFT_OPTIMIZATION_LEVEL = "-Onone";
			};
			name = Debug;
		};
		4B54CE671D1D31E100AE3972 /* Release */ = {
			isa = XCBuildConfiguration;
			buildSettings = {
				ALWAYS_SEARCH_USER_PATHS = NO;
				CLANG_ANALYZER_NONNULL = YES;
				CLANG_CXX_LANGUAGE_STANDARD = "gnu++0x";
				CLANG_CXX_LIBRARY = "libc++";
				CLANG_ENABLE_MODULES = YES;
				CLANG_ENABLE_OBJC_ARC = YES;
				CLANG_WARN_BOOL_CONVERSION = YES;
				CLANG_WARN_CONSTANT_CONVERSION = YES;
				CLANG_WARN_DIRECT_OBJC_ISA_USAGE = YES_ERROR;
				CLANG_WARN_EMPTY_BODY = YES;
				CLANG_WARN_ENUM_CONVERSION = YES;
				CLANG_WARN_INT_CONVERSION = YES;
				CLANG_WARN_OBJC_ROOT_CLASS = YES_ERROR;
				CLANG_WARN_UNREACHABLE_CODE = YES;
				CLANG_WARN__DUPLICATE_METHOD_MATCH = YES;
				"CODE_SIGN_IDENTITY[sdk=iphoneos*]" = "iPhone Developer";
				COPY_PHASE_STRIP = NO;
				DEBUG_INFORMATION_FORMAT = "dwarf-with-dsym";
				ENABLE_NS_ASSERTIONS = NO;
				ENABLE_STRICT_OBJC_MSGSEND = YES;
				GCC_C_LANGUAGE_STANDARD = gnu99;
				GCC_NO_COMMON_BLOCKS = YES;
				GCC_WARN_64_TO_32_BIT_CONVERSION = YES;
				GCC_WARN_ABOUT_RETURN_TYPE = YES_ERROR;
				GCC_WARN_UNDECLARED_SELECTOR = YES;
				GCC_WARN_UNINITIALIZED_AUTOS = YES_AGGRESSIVE;
				GCC_WARN_UNUSED_FUNCTION = YES;
				GCC_WARN_UNUSED_VARIABLE = YES;
				IPHONEOS_DEPLOYMENT_TARGET = 9.3;
				MTL_ENABLE_DEBUG_INFO = NO;
				SDKROOT = iphoneos;
				VALIDATE_PRODUCT = YES;
			};
			name = Release;
		};
		4B54CE691D1D31E100AE3972 /* Debug */ = {
			isa = XCBuildConfiguration;
			buildSettings = {
				ASSETCATALOG_COMPILER_APPICON_NAME = AppIcon;
				INFOPLIST_FILE = QRcodeDemo/Info.plist;
				LD_RUNPATH_SEARCH_PATHS = "$(inherited) @executable_path/Frameworks";
				PRODUCT_BUNDLE_IDENTIFIER = com.oci.ios.QRcodeDemo;
				PRODUCT_NAME = "$(TARGET_NAME)";
			};
			name = Debug;
		};
		4B54CE6A1D1D31E100AE3972 /* Release */ = {
			isa = XCBuildConfiguration;
			buildSettings = {
				ASSETCATALOG_COMPILER_APPICON_NAME = AppIcon;
				INFOPLIST_FILE = QRcodeDemo/Info.plist;
				LD_RUNPATH_SEARCH_PATHS = "$(inherited) @executable_path/Frameworks";
				PRODUCT_BUNDLE_IDENTIFIER = com.oci.ios.QRcodeDemo;
				PRODUCT_NAME = "$(TARGET_NAME)";
			};
			name = Release;
		};
		4B54CE6C1D1D31E100AE3972 /* Debug */ = {
			isa = XCBuildConfiguration;
			buildSettings = {
				BUNDLE_LOADER = "$(TEST_HOST)";
				INFOPLIST_FILE = QRcodeDemoTests/Info.plist;
				LD_RUNPATH_SEARCH_PATHS = "$(inherited) @executable_path/Frameworks @loader_path/Frameworks";
				PRODUCT_BUNDLE_IDENTIFIER = com.oci.ios.QRcodeDemoTests;
				PRODUCT_NAME = "$(TARGET_NAME)";
				TEST_HOST = "$(BUILT_PRODUCTS_DIR)/QRcodeDemo.app/QRcodeDemo";
			};
			name = Debug;
		};
		4B54CE6D1D1D31E100AE3972 /* Release */ = {
			isa = XCBuildConfiguration;
			buildSettings = {
				BUNDLE_LOADER = "$(TEST_HOST)";
				INFOPLIST_FILE = QRcodeDemoTests/Info.plist;
				LD_RUNPATH_SEARCH_PATHS = "$(inherited) @executable_path/Frameworks @loader_path/Frameworks";
				PRODUCT_BUNDLE_IDENTIFIER = com.oci.ios.QRcodeDemoTests;
				PRODUCT_NAME = "$(TARGET_NAME)";
				TEST_HOST = "$(BUILT_PRODUCTS_DIR)/QRcodeDemo.app/QRcodeDemo";
			};
			name = Release;
		};
		4B54CE6F1D1D31E100AE3972 /* Debug */ = {
			isa = XCBuildConfiguration;
			buildSettings = {
				INFOPLIST_FILE = QRcodeDemoUITests/Info.plist;
				LD_RUNPATH_SEARCH_PATHS = "$(inherited) @executable_path/Frameworks @loader_path/Frameworks";
				PRODUCT_BUNDLE_IDENTIFIER = com.oci.ios.QRcodeDemoUITests;
				PRODUCT_NAME = "$(TARGET_NAME)";
				TEST_TARGET_NAME = QRcodeDemo;
			};
			name = Debug;
		};
		4B54CE701D1D31E100AE3972 /* Release */ = {
			isa = XCBuildConfiguration;
			buildSettings = {
				INFOPLIST_FILE = QRcodeDemoUITests/Info.plist;
				LD_RUNPATH_SEARCH_PATHS = "$(inherited) @executable_path/Frameworks @loader_path/Frameworks";
				PRODUCT_BUNDLE_IDENTIFIER = com.oci.ios.QRcodeDemoUITests;
				PRODUCT_NAME = "$(TARGET_NAME)";
				TEST_TARGET_NAME = QRcodeDemo;
			};
			name = Release;
		};
/* End XCBuildConfiguration section */

/* Begin XCConfigurationList section */
		4B54CE3B1D1D31E100AE3972 /* Build configuration list for PBXProject "QRcodeDemo" */ = {
			isa = XCConfigurationList;
			buildConfigurations = (
				4B54CE661D1D31E100AE3972 /* Debug */,
				4B54CE671D1D31E100AE3972 /* Release */,
			);
			defaultConfigurationIsVisible = 0;
			defaultConfigurationName = Release;
		};
		4B54CE681D1D31E100AE3972 /* Build configuration list for PBXNativeTarget "QRcodeDemo" */ = {
			isa = XCConfigurationList;
			buildConfigurations = (
				4B54CE691D1D31E100AE3972 /* Debug */,
				4B54CE6A1D1D31E100AE3972 /* Release */,
			);
			defaultConfigurationIsVisible = 0;
			defaultConfigurationName = Release;
		};
		4B54CE6B1D1D31E100AE3972 /* Build configuration list for PBXNativeTarget "QRcodeDemoTests" */ = {
			isa = XCConfigurationList;
			buildConfigurations = (
				4B54CE6C1D1D31E100AE3972 /* Debug */,
				4B54CE6D1D1D31E100AE3972 /* Release */,
			);
			defaultConfigurationIsVisible = 0;
			defaultConfigurationName = Release;
		};
		4B54CE6E1D1D31E100AE3972 /* Build configuration list for PBXNativeTarget "QRcodeDemoUITests" */ = {
			isa = XCConfigurationList;
			buildConfigurations = (
				4B54CE6F1D1D31E100AE3972 /* Debug */,
				4B54CE701D1D31E100AE3972 /* Release */,
			);
			defaultConfigurationIsVisible = 0;
			defaultConfigurationName = Release;
		};
/* End XCConfigurationList section */
	};
	rootObject = 4B54CE381D1D31E100AE3972 /* Project object */;
}
